PODS:
  - EZSwiftExtensions (1.8)
  - FirebaseAnalytics (3.4.2):
    - FirebaseInstanceID (~> 1.0)
    - GoogleInterchangeUtilities (~> 1.2)
    - GoogleSymbolUtilities (~> 1.1)
    - GoogleUtilities (~> 1.2)
  - FirebaseInstanceID (1.0.8)
  - FMDB (2.6.2):
    - FMDB/standard (= 2.6.2)
  - FMDB/standard (2.6.2)
  - Google/Analytics (3.0.3):
    - Google/Core
    - GoogleAnalytics (~> 3.12)
  - Google/Core (3.0.3):
    - FirebaseAnalytics (~> 3.2)
  - GoogleAnalytics (3.17.0)
  - GoogleInterchangeUtilities (1.2.1):
    - GoogleSymbolUtilities (~> 1.0)
  - GoogleSymbolUtilities (1.1.1)
  - GoogleUtilities (1.3.1):
    - GoogleSymbolUtilities (~> 1.0)
  - PageMenu (1.2.9)
  - Realm (1.1.0):
    - Realm/Headers (= 1.1.0)
  - Realm/Headers (1.1.0)
  - RealmSwift (1.1.0):
    - Realm (= 1.1.0)
  - Shimmer (1.0.2)
  - Toaster (2.0.0)
  - UICountingLabel (1.4.0)
  - WSProgressHUD (1.1.1):
    - Shimmer
  - XLPagerTabStrip (6.0.0)

DEPENDENCIES:
  - EZSwiftExtensions (from `https://github.com/goktugyil/EZSwiftExtensions.git`)
  - FMDB
  - Google/Analytics
  - PageMenu (from `https://github.com/orazz/PageMenu.git`)
  - RealmSwift
  - Toaster (~> 2.0)
  - UICountingLabel
  - WSProgressHUD
  - XLPagerTabStrip

EXTERNAL SOURCES:
  EZSwiftExtensions:
    :git: https://github.com/goktugyil/EZSwiftExtensions.git
  PageMenu:
    :git: https://github.com/orazz/PageMenu.git

CHECKOUT OPTIONS:
  EZSwiftExtensions:
    :commit: dec0a9771b1e9043b6a352a3112d5cad96455acc
    :git: https://github.com/goktugyil/EZSwiftExtensions.git
  PageMenu:
    :commit: ace3d8d095c9c165113d3ac797f317fe7faecbae
    :git: https://github.com/orazz/PageMenu.git

SPEC CHECKSUMS:
  EZSwiftExtensions: e3006d349fd10dac7a6bcf0a93f65ac564cd40ba
  FirebaseAnalytics: 3f5358d9104adf159cc8d99b7b501e50099a39ad
  FirebaseInstanceID: ba1e640935235e5fac39dfa816fe7660e72e1a8a
  FMDB: 854a0341b4726e53276f2a8996f06f1b80f9259a
  Google: 813c467362eabc11385f5a5cc9ad0cb651a58f4e
  GoogleAnalytics: f42cc53a87a51fe94334821868d9c8481ff47a7b
  GoogleInterchangeUtilities: def8415a862effc67d549d5b5b0b9c7a2f97d4de
  GoogleSymbolUtilities: 33117db1b5f290c6fbf259585e4885b4c84b98d7
  GoogleUtilities: 56c5ac05b7aa5dc417a1bb85221a9516e04d7032
  PageMenu: ba19ff267f7a19e444e93c20a7847b78954a7011
  Realm: ceecf1a4540c4ce9efe196fe73fa9855bce05bd8
  RealmSwift: 838058b2db95b12cb86bd0cf209df642c33fb60a
  Shimmer: c5374be1c2b0c9e292fb05b339a513cf291cac86
  Toaster: 25101e968655aa991fa72ad888029e8d515c6237
  UICountingLabel: ed5ce5b6d5ef278ff40d99cfa49577a30ab0c87b
  WSProgressHUD: 0ebb8dd846f7fb4715d42c87584456480cb7fbf0
  XLPagerTabStrip: c46e802a8dcac29edbcea573de8fe920e052455b

PODFILE CHECKSUM: 23ebc74d69a3d633eae5aeb3e9fa1be0f44be8cb

COCOAPODS: 1.1.0.rc.3
