// !$*UTF8*$!
{
	archiveVersion = 1;
	classes = {
	};
	objectVersion = 46;
	objects = {

/* Begin PBXBuildFile section */
		05E0113D8C6B0C6415A1EA4D /* Pods_KoreaJunDamVi.framework in Frameworks */ = {isa = PBXBuildFile; fileRef = 2D36EBE354F0B953A60C91A9 /* Pods_KoreaJunDamVi.framework */; };
		3711B3B41DE6C27B008BC74C /* ProbCollectionViewCell.swift in Sources */ = {isa = PBXBuildFile; fileRef = 3711B3B31DE6C27B008BC74C /* ProbCollectionViewCell.swift */; };
		3747EEA31DC1CAFC0029DC27 /* Home.storyboard in Resources */ = {isa = PBXBuildFile; fileRef = 3747EEA21DC1CAFC0029DC27 /* Home.storyboard */; };
		3747EEA51DC1CBA60029DC27 /* Prob.storyboard in Resources */ = {isa = PBXBuildFile; fileRef = 3747EEA41DC1CBA60029DC27 /* Prob.storyboard */; };
		375EB90F1DBDE55900337236 /* AppDelegate.swift in Sources */ = {isa = PBXBuildFile; fileRef = 375EB90E1DBDE55900337236 /* AppDelegate.swift */; };
		375EB9111DBDE55900337236 /* HomeViewController.swift in Sources */ = {isa = PBXBuildFile; fileRef = 375EB9101DBDE55900337236 /* HomeViewController.swift */; };
		375EB9141DBDE55900337236 /* Main.storyboard in Resources */ = {isa = PBXBuildFile; fileRef = 375EB9121DBDE55900337236 /* Main.storyboard */; };
		375EB9171DBDE55900337236 /* KoreaJunDamVi.xcdatamodeld in Sources */ = {isa = PBXBuildFile; fileRef = 375EB9151DBDE55900337236 /* KoreaJunDamVi.xcdatamodeld */; };
		375EB9191DBDE55900337236 /* Assets.xcassets in Resources */ = {isa = PBXBuildFile; fileRef = 375EB9181DBDE55900337236 /* Assets.xcassets */; };
		375EB91C1DBDE55900337236 /* LaunchScreen.storyboard in Resources */ = {isa = PBXBuildFile; fileRef = 375EB91A1DBDE55900337236 /* LaunchScreen.storyboard */; };
		3761846B1DE9D0E6005B503C /* NanumMyeongjo.ttf in Resources */ = {isa = PBXBuildFile; fileRef = 376184681DE9C9C1005B503C /* NanumMyeongjo.ttf */; };
		3761846C1DE9D0E6005B503C /* NanumMyeongjoBold.ttf in Resources */ = {isa = PBXBuildFile; fileRef = 376184691DE9C9C1005B503C /* NanumMyeongjoBold.ttf */; };
		3761846D1DE9D0E6005B503C /* NanumMyeongjoExtraBold.ttf in Resources */ = {isa = PBXBuildFile; fileRef = 3761846A1DE9C9C1005B503C /* NanumMyeongjoExtraBold.ttf */; };
		377BB0E21DC86F2100C9D08D /* NanumGothic.ttf in Resources */ = {isa = PBXBuildFile; fileRef = 37DA176C1DC330C70008C697 /* NanumGothic.ttf */; };
		377BB0E31DC86F2100C9D08D /* NanumGothicBold.ttf in Resources */ = {isa = PBXBuildFile; fileRef = 37DA176D1DC330C70008C697 /* NanumGothicBold.ttf */; };
		377BB0E41DC86F2100C9D08D /* NanumGothicExtraBold.ttf in Resources */ = {isa = PBXBuildFile; fileRef = 37DA176E1DC330C70008C697 /* NanumGothicExtraBold.ttf */; };
		377BB0E61DC87BE600C9D08D /* MNFunction.swift in Sources */ = {isa = PBXBuildFile; fileRef = 377BB0E51DC87BE600C9D08D /* MNFunction.swift */; };
		379DB8981DBF3D1700882280 /* RoundView.swift in Sources */ = {isa = PBXBuildFile; fileRef = 379DB8971DBF3D1700882280 /* RoundView.swift */; };
		379DB89A1DBF3E3400882280 /* Radian.swift in Sources */ = {isa = PBXBuildFile; fileRef = 379DB8991DBF3E3400882280 /* Radian.swift */; };
		37B1E5E11DEB12EC008B6206 /* JDVTextView.swift in Sources */ = {isa = PBXBuildFile; fileRef = 37B1E5E01DEB12EC008B6206 /* JDVTextView.swift */; };
		37D28DC71DF54A6800B40129 /* NanumBarunGothic.ttf in Resources */ = {isa = PBXBuildFile; fileRef = 375A22C81DF54381006B4ED2 /* NanumBarunGothic.ttf */; };
		37D28DC81DF54A6800B40129 /* NanumBarunGothicBold.ttf in Resources */ = {isa = PBXBuildFile; fileRef = 375A22C91DF54381006B4ED2 /* NanumBarunGothicBold.ttf */; };
		37D28DC91DF54A6800B40129 /* NanumBarunGothicLight.ttf in Resources */ = {isa = PBXBuildFile; fileRef = 375A22CA1DF54381006B4ED2 /* NanumBarunGothicLight.ttf */; };
		37D28DCA1DF54A6800B40129 /* NanumBarunGothicUltraLight.ttf in Resources */ = {isa = PBXBuildFile; fileRef = 375A22CB1DF54381006B4ED2 /* NanumBarunGothicUltraLight.ttf */; };
		37D99B0E1DE87AC30017F7CF /* ProbTestFrameViewController.swift in Sources */ = {isa = PBXBuildFile; fileRef = 37D99B0D1DE87AC30017F7CF /* ProbTestFrameViewController.swift */; };
		37D99B101DE87B1D0017F7CF /* ProbTestInnerViewController.swift in Sources */ = {isa = PBXBuildFile; fileRef = 37D99B0F1DE87B1D0017F7CF /* ProbTestInnerViewController.swift */; };
		37E033671DE5521000A5C4AC /* Note.storyboard in Resources */ = {isa = PBXBuildFile; fileRef = 37E033661DE5521000A5C4AC /* Note.storyboard */; };
		37E033691DE5524100A5C4AC /* Solution.storyboard in Resources */ = {isa = PBXBuildFile; fileRef = 37E033681DE5524100A5C4AC /* Solution.storyboard */; };
		37E0336B1DE5532000A5C4AC /* Analytics.storyboard in Resources */ = {isa = PBXBuildFile; fileRef = 37E0336A1DE5532000A5C4AC /* Analytics.storyboard */; };
		37E0336E1DE5581700A5C4AC /* SettingsViewController.swift in Sources */ = {isa = PBXBuildFile; fileRef = 37E0336D1DE5581700A5C4AC /* SettingsViewController.swift */; };
		37E033711DE5582C00A5C4AC /* SettingsTableViewCell.swift in Sources */ = {isa = PBXBuildFile; fileRef = 37E033701DE5582C00A5C4AC /* SettingsTableViewCell.swift */; };
		37F7CD111DE6AFD60085A2E4 /* ProbMenuViewController.swift in Sources */ = {isa = PBXBuildFile; fileRef = 37F7CD101DE6AFD60085A2E4 /* ProbMenuViewController.swift */; };
		37F7CD241DE6B0FD0085A2E4 /* JDVNavigationController.swift in Sources */ = {isa = PBXBuildFile; fileRef = 37F7CD131DE6B0FD0085A2E4 /* JDVNavigationController.swift */; };
		37F7CD251DE6B0FD0085A2E4 /* JDVFunctions.swift in Sources */ = {isa = PBXBuildFile; fileRef = 37F7CD141DE6B0FD0085A2E4 /* JDVFunctions.swift */; };
		37F7CD261DE6B0FD0085A2E4 /* JDVBarButtonItem.swift in Sources */ = {isa = PBXBuildFile; fileRef = 37F7CD151DE6B0FD0085A2E4 /* JDVBarButtonItem.swift */; };
		37F7CD271DE6B0FD0085A2E4 /* JDVViewController.swift in Sources */ = {isa = PBXBuildFile; fileRef = 37F7CD161DE6B0FD0085A2E4 /* JDVViewController.swift */; };
		37F7CD281DE6B0FE0085A2E4 /* JDVTabbarView.swift in Sources */ = {isa = PBXBuildFile; fileRef = 37F7CD171DE6B0FD0085A2E4 /* JDVTabbarView.swift */; };
		37F7CD291DE6B0FE0085A2E4 /* JDVTabbarView.xib in Resources */ = {isa = PBXBuildFile; fileRef = 37F7CD181DE6B0FD0085A2E4 /* JDVTabbarView.xib */; };
		37F7CD2A1DE6B0FE0085A2E4 /* JDVTestResultLabelView.swift in Sources */ = {isa = PBXBuildFile; fileRef = 37F7CD191DE6B0FD0085A2E4 /* JDVTestResultLabelView.swift */; };
		37F7CD2B1DE6B0FE0085A2E4 /* JDVTestResultLabelView.xib in Resources */ = {isa = PBXBuildFile; fileRef = 37F7CD1A1DE6B0FD0085A2E4 /* JDVTestResultLabelView.xib */; };
		37F7CD2C1DE6B0FE0085A2E4 /* JDVBanner.swift in Sources */ = {isa = PBXBuildFile; fileRef = 37F7CD1B1DE6B0FD0085A2E4 /* JDVBanner.swift */; };
		37F7CD2D1DE6B0FE0085A2E4 /* JDVBanner.xib in Resources */ = {isa = PBXBuildFile; fileRef = 37F7CD1C1DE6B0FD0085A2E4 /* JDVBanner.xib */; };
		37F7CD2E1DE6B0FE0085A2E4 /* JDVRadioButtonManager.swift in Sources */ = {isa = PBXBuildFile; fileRef = 37F7CD1D1DE6B0FD0085A2E4 /* JDVRadioButtonManager.swift */; };
		37F7CD2F1DE6B0FE0085A2E4 /* JDVChoiceLabelManager.swift in Sources */ = {isa = PBXBuildFile; fileRef = 37F7CD1E1DE6B0FD0085A2E4 /* JDVChoiceLabelManager.swift */; };
		37F7CD301DE6B0FE0085A2E4 /* JDVNoteManager.swift in Sources */ = {isa = PBXBuildFile; fileRef = 37F7CD1F1DE6B0FD0085A2E4 /* JDVNoteManager.swift */; };
		37F7CD311DE6B0FE0085A2E4 /* JDVScoreManager.swift in Sources */ = {isa = PBXBuildFile; fileRef = 37F7CD201DE6B0FD0085A2E4 /* JDVScoreManager.swift */; };
		37F7CD321DE6B0FE0085A2E4 /* JDVProbManager.swift in Sources */ = {isa = PBXBuildFile; fileRef = 37F7CD211DE6B0FD0085A2E4 /* JDVProbManager.swift */; };
		37F7CD331DE6B0FE0085A2E4 /* JDVSolutionManager.swift in Sources */ = {isa = PBXBuildFile; fileRef = 37F7CD221DE6B0FD0085A2E4 /* JDVSolutionManager.swift */; };
		37F7CD341DE6B0FE0085A2E4 /* JDVLabel.swift in Sources */ = {isa = PBXBuildFile; fileRef = 37F7CD231DE6B0FD0085A2E4 /* JDVLabel.swift */; };
		37F7CD361DE6B1A60085A2E4 /* ProbCollectionViewController.swift in Sources */ = {isa = PBXBuildFile; fileRef = 37F7CD351DE6B1A60085A2E4 /* ProbCollectionViewController.swift */; };
		37F7CD391DE6B1FD0085A2E4 /* DataController.swift in Sources */ = {isa = PBXBuildFile; fileRef = 37F7CD381DE6B1FD0085A2E4 /* DataController.swift */; };
/* End PBXBuildFile section */

/* Begin PBXFileReference section */
		2D36EBE354F0B953A60C91A9 /* Pods_KoreaJunDamVi.framework */ = {isa = PBXFileReference; explicitFileType = wrapper.framework; includeInIndex = 0; path = Pods_KoreaJunDamVi.framework; sourceTree = BUILT_PRODUCTS_DIR; };
		3711B3B31DE6C27B008BC74C /* ProbCollectionViewCell.swift */ = {isa = PBXFileReference; fileEncoding = 4; lastKnownFileType = sourcecode.swift; path = ProbCollectionViewCell.swift; sourceTree = "<group>"; };
		3747EEA21DC1CAFC0029DC27 /* Home.storyboard */ = {isa = PBXFileReference; fileEncoding = 4; lastKnownFileType = file.storyboard; path = Home.storyboard; sourceTree = "<group>"; };
		3747EEA41DC1CBA60029DC27 /* Prob.storyboard */ = {isa = PBXFileReference; fileEncoding = 4; lastKnownFileType = file.storyboard; path = Prob.storyboard; sourceTree = "<group>"; };
		375A22C81DF54381006B4ED2 /* NanumBarunGothic.ttf */ = {isa = PBXFileReference; lastKnownFileType = file; path = NanumBarunGothic.ttf; sourceTree = "<group>"; };
		375A22C91DF54381006B4ED2 /* NanumBarunGothicBold.ttf */ = {isa = PBXFileReference; lastKnownFileType = file; path = NanumBarunGothicBold.ttf; sourceTree = "<group>"; };
		375A22CA1DF54381006B4ED2 /* NanumBarunGothicLight.ttf */ = {isa = PBXFileReference; lastKnownFileType = file; path = NanumBarunGothicLight.ttf; sourceTree = "<group>"; };
		375A22CB1DF54381006B4ED2 /* NanumBarunGothicUltraLight.ttf */ = {isa = PBXFileReference; lastKnownFileType = file; path = NanumBarunGothicUltraLight.ttf; sourceTree = "<group>"; };
		375EB90B1DBDE55900337236 /* KoreaJunDamVi.app */ = {isa = PBXFileReference; explicitFileType = wrapper.application; includeInIndex = 0; path = KoreaJunDamVi.app; sourceTree = BUILT_PRODUCTS_DIR; };
		375EB90E1DBDE55900337236 /* AppDelegate.swift */ = {isa = PBXFileReference; lastKnownFileType = sourcecode.swift; path = AppDelegate.swift; sourceTree = "<group>"; };
		375EB9101DBDE55900337236 /* HomeViewController.swift */ = {isa = PBXFileReference; lastKnownFileType = sourcecode.swift; path = HomeViewController.swift; sourceTree = "<group>"; };
		375EB9131DBDE55900337236 /* Base */ = {isa = PBXFileReference; lastKnownFileType = file.storyboard; name = Base; path = Base.lproj/Main.storyboard; sourceTree = "<group>"; };
		375EB9161DBDE55900337236 /* KoreaJunDamVi.xcdatamodel */ = {isa = PBXFileReference; lastKnownFileType = wrapper.xcdatamodel; path = KoreaJunDamVi.xcdatamodel; sourceTree = "<group>"; };
		375EB9181DBDE55900337236 /* Assets.xcassets */ = {isa = PBXFileReference; lastKnownFileType = folder.assetcatalog; path = Assets.xcassets; sourceTree = "<group>"; };
		375EB91B1DBDE55900337236 /* Base */ = {isa = PBXFileReference; lastKnownFileType = file.storyboard; name = Base; path = Base.lproj/LaunchScreen.storyboard; sourceTree = "<group>"; };
		375EB91D1DBDE55900337236 /* Info.plist */ = {isa = PBXFileReference; lastKnownFileType = text.plist.xml; path = Info.plist; sourceTree = "<group>"; };
		376184681DE9C9C1005B503C /* NanumMyeongjo.ttf */ = {isa = PBXFileReference; lastKnownFileType = file; path = NanumMyeongjo.ttf; sourceTree = "<group>"; };
		376184691DE9C9C1005B503C /* NanumMyeongjoBold.ttf */ = {isa = PBXFileReference; lastKnownFileType = file; path = NanumMyeongjoBold.ttf; sourceTree = "<group>"; };
		3761846A1DE9C9C1005B503C /* NanumMyeongjoExtraBold.ttf */ = {isa = PBXFileReference; lastKnownFileType = file; path = NanumMyeongjoExtraBold.ttf; sourceTree = "<group>"; };
		377BB0E51DC87BE600C9D08D /* MNFunction.swift */ = {isa = PBXFileReference; fileEncoding = 4; lastKnownFileType = sourcecode.swift; path = MNFunction.swift; sourceTree = "<group>"; };
		379DB8971DBF3D1700882280 /* RoundView.swift */ = {isa = PBXFileReference; fileEncoding = 4; lastKnownFileType = sourcecode.swift; path = RoundView.swift; sourceTree = "<group>"; };
		379DB8991DBF3E3400882280 /* Radian.swift */ = {isa = PBXFileReference; fileEncoding = 4; lastKnownFileType = sourcecode.swift; path = Radian.swift; sourceTree = "<group>"; };
		37B1E5E01DEB12EC008B6206 /* JDVTextView.swift */ = {isa = PBXFileReference; fileEncoding = 4; lastKnownFileType = sourcecode.swift; path = JDVTextView.swift; sourceTree = "<group>"; };
		37D99B0D1DE87AC30017F7CF /* ProbTestFrameViewController.swift */ = {isa = PBXFileReference; fileEncoding = 4; lastKnownFileType = sourcecode.swift; path = ProbTestFrameViewController.swift; sourceTree = "<group>"; };
		37D99B0F1DE87B1D0017F7CF /* ProbTestInnerViewController.swift */ = {isa = PBXFileReference; fileEncoding = 4; lastKnownFileType = sourcecode.swift; path = ProbTestInnerViewController.swift; sourceTree = "<group>"; };
		37DA176C1DC330C70008C697 /* NanumGothic.ttf */ = {isa = PBXFileReference; lastKnownFileType = file; path = NanumGothic.ttf; sourceTree = "<group>"; };
		37DA176D1DC330C70008C697 /* NanumGothicBold.ttf */ = {isa = PBXFileReference; lastKnownFileType = file; path = NanumGothicBold.ttf; sourceTree = "<group>"; };
		37DA176E1DC330C70008C697 /* NanumGothicExtraBold.ttf */ = {isa = PBXFileReference; lastKnownFileType = file; path = NanumGothicExtraBold.ttf; sourceTree = "<group>"; };
		37E033661DE5521000A5C4AC /* Note.storyboard */ = {isa = PBXFileReference; fileEncoding = 4; lastKnownFileType = file.storyboard; path = Note.storyboard; sourceTree = "<group>"; };
		37E033681DE5524100A5C4AC /* Solution.storyboard */ = {isa = PBXFileReference; fileEncoding = 4; lastKnownFileType = file.storyboard; path = Solution.storyboard; sourceTree = "<group>"; };
		37E0336A1DE5532000A5C4AC /* Analytics.storyboard */ = {isa = PBXFileReference; fileEncoding = 4; lastKnownFileType = file.storyboard; path = Analytics.storyboard; sourceTree = "<group>"; };
		37E0336D1DE5581700A5C4AC /* SettingsViewController.swift */ = {isa = PBXFileReference; fileEncoding = 4; lastKnownFileType = sourcecode.swift; path = SettingsViewController.swift; sourceTree = "<group>"; };
		37E033701DE5582C00A5C4AC /* SettingsTableViewCell.swift */ = {isa = PBXFileReference; fileEncoding = 4; lastKnownFileType = sourcecode.swift; path = SettingsTableViewCell.swift; sourceTree = "<group>"; };
		37F7CD101DE6AFD60085A2E4 /* ProbMenuViewController.swift */ = {isa = PBXFileReference; fileEncoding = 4; lastKnownFileType = sourcecode.swift; path = ProbMenuViewController.swift; sourceTree = "<group>"; };
		37F7CD131DE6B0FD0085A2E4 /* JDVNavigationController.swift */ = {isa = PBXFileReference; fileEncoding = 4; lastKnownFileType = sourcecode.swift; path = JDVNavigationController.swift; sourceTree = "<group>"; };
		37F7CD141DE6B0FD0085A2E4 /* JDVFunctions.swift */ = {isa = PBXFileReference; fileEncoding = 4; lastKnownFileType = sourcecode.swift; path = JDVFunctions.swift; sourceTree = "<group>"; };
		37F7CD151DE6B0FD0085A2E4 /* JDVBarButtonItem.swift */ = {isa = PBXFileReference; fileEncoding = 4; lastKnownFileType = sourcecode.swift; path = JDVBarButtonItem.swift; sourceTree = "<group>"; };
		37F7CD161DE6B0FD0085A2E4 /* JDVViewController.swift */ = {isa = PBXFileReference; fileEncoding = 4; lastKnownFileType = sourcecode.swift; path = JDVViewController.swift; sourceTree = "<group>"; };
		37F7CD171DE6B0FD0085A2E4 /* JDVTabbarView.swift */ = {isa = PBXFileReference; fileEncoding = 4; lastKnownFileType = sourcecode.swift; path = JDVTabbarView.swift; sourceTree = "<group>"; };
		37F7CD181DE6B0FD0085A2E4 /* JDVTabbarView.xib */ = {isa = PBXFileReference; fileEncoding = 4; lastKnownFileType = file.xib; path = JDVTabbarView.xib; sourceTree = "<group>"; };
		37F7CD191DE6B0FD0085A2E4 /* JDVTestResultLabelView.swift */ = {isa = PBXFileReference; fileEncoding = 4; lastKnownFileType = sourcecode.swift; path = JDVTestResultLabelView.swift; sourceTree = "<group>"; };
		37F7CD1A1DE6B0FD0085A2E4 /* JDVTestResultLabelView.xib */ = {isa = PBXFileReference; fileEncoding = 4; lastKnownFileType = file.xib; path = JDVTestResultLabelView.xib; sourceTree = "<group>"; };
		37F7CD1B1DE6B0FD0085A2E4 /* JDVBanner.swift */ = {isa = PBXFileReference; fileEncoding = 4; lastKnownFileType = sourcecode.swift; path = JDVBanner.swift; sourceTree = "<group>"; };
		37F7CD1C1DE6B0FD0085A2E4 /* JDVBanner.xib */ = {isa = PBXFileReference; fileEncoding = 4; lastKnownFileType = file.xib; path = JDVBanner.xib; sourceTree = "<group>"; };
		37F7CD1D1DE6B0FD0085A2E4 /* JDVRadioButtonManager.swift */ = {isa = PBXFileReference; fileEncoding = 4; lastKnownFileType = sourcecode.swift; path = JDVRadioButtonManager.swift; sourceTree = "<group>"; };
		37F7CD1E1DE6B0FD0085A2E4 /* JDVChoiceLabelManager.swift */ = {isa = PBXFileReference; fileEncoding = 4; lastKnownFileType = sourcecode.swift; path = JDVChoiceLabelManager.swift; sourceTree = "<group>"; };
		37F7CD1F1DE6B0FD0085A2E4 /* JDVNoteManager.swift */ = {isa = PBXFileReference; fileEncoding = 4; lastKnownFileType = sourcecode.swift; path = JDVNoteManager.swift; sourceTree = "<group>"; };
		37F7CD201DE6B0FD0085A2E4 /* JDVScoreManager.swift */ = {isa = PBXFileReference; fileEncoding = 4; lastKnownFileType = sourcecode.swift; path = JDVScoreManager.swift; sourceTree = "<group>"; };
		37F7CD211DE6B0FD0085A2E4 /* JDVProbManager.swift */ = {isa = PBXFileReference; fileEncoding = 4; lastKnownFileType = sourcecode.swift; path = JDVProbManager.swift; sourceTree = "<group>"; };
		37F7CD221DE6B0FD0085A2E4 /* JDVSolutionManager.swift */ = {isa = PBXFileReference; fileEncoding = 4; lastKnownFileType = sourcecode.swift; path = JDVSolutionManager.swift; sourceTree = "<group>"; };
		37F7CD231DE6B0FD0085A2E4 /* JDVLabel.swift */ = {isa = PBXFileReference; fileEncoding = 4; lastKnownFileType = sourcecode.swift; path = JDVLabel.swift; sourceTree = "<group>"; };
		37F7CD351DE6B1A60085A2E4 /* ProbCollectionViewController.swift */ = {isa = PBXFileReference; fileEncoding = 4; lastKnownFileType = sourcecode.swift; path = ProbCollectionViewController.swift; sourceTree = "<group>"; };
		37F7CD381DE6B1FD0085A2E4 /* DataController.swift */ = {isa = PBXFileReference; fileEncoding = 4; lastKnownFileType = sourcecode.swift; path = DataController.swift; sourceTree = "<group>"; };
		60E27E9F43519B1A5220A6C8 /* Pods-KoreaJunDamVi.debug.xcconfig */ = {isa = PBXFileReference; includeInIndex = 1; lastKnownFileType = text.xcconfig; name = "Pods-KoreaJunDamVi.debug.xcconfig"; path = "Pods/Target Support Files/Pods-KoreaJunDamVi/Pods-KoreaJunDamVi.debug.xcconfig"; sourceTree = "<group>"; };
		8CB84FB40FADE9842686D310 /* Pods-KoreaJunDamVi.release.xcconfig */ = {isa = PBXFileReference; includeInIndex = 1; lastKnownFileType = text.xcconfig; name = "Pods-KoreaJunDamVi.release.xcconfig"; path = "Pods/Target Support Files/Pods-KoreaJunDamVi/Pods-KoreaJunDamVi.release.xcconfig"; sourceTree = "<group>"; };
/* End PBXFileReference section */

/* Begin PBXFrameworksBuildPhase section */
		375EB9081DBDE55900337236 /* Frameworks */ = {
			isa = PBXFrameworksBuildPhase;
			buildActionMask = 2147483647;
			files = (
				05E0113D8C6B0C6415A1EA4D /* Pods_KoreaJunDamVi.framework in Frameworks */,
			);
			runOnlyForDeploymentPostprocessing = 0;
		};
/* End PBXFrameworksBuildPhase section */

/* Begin PBXGroup section */
		375EB9021DBDE55900337236 = {
			isa = PBXGroup;
			children = (
				375EB90D1DBDE55900337236 /* KoreaJunDamVi */,
				375EB90C1DBDE55900337236 /* Products */,
				E51F0A879108B7F29D794D58 /* Pods */,
				CB2C162B636037CD0823CE91 /* Frameworks */,
			);
			sourceTree = "<group>";
		};
		375EB90C1DBDE55900337236 /* Products */ = {
			isa = PBXGroup;
			children = (
				375EB90B1DBDE55900337236 /* KoreaJunDamVi.app */,
			);
			name = Products;
			sourceTree = "<group>";
		};
		375EB90D1DBDE55900337236 /* KoreaJunDamVi */ = {
			isa = PBXGroup;
			children = (
				377BB0E51DC87BE600C9D08D /* MNFunction.swift */,
				375EB90E1DBDE55900337236 /* AppDelegate.swift */,
				37E0336C1DE557FF00A5C4AC /* JDVKit */,
				37E0336F1DE5581B00A5C4AC /* Home */,
				37F7CD121DE6AFDB0085A2E4 /* Prob */,
				37F7CD3B1DE6B3700085A2E4 /* StoryBoards */,
				37F7CD3A1DE6B3570085A2E4 /* Supportings */,
				37F7CD371DE6B1F30085A2E4 /* CoreData */,
			);
			path = KoreaJunDamVi;
			sourceTree = "<group>";
		};
		37E0336C1DE557FF00A5C4AC /* JDVKit */ = {
			isa = PBXGroup;
			children = (
				379DB8971DBF3D1700882280 /* RoundView.swift */,
				379DB8991DBF3E3400882280 /* Radian.swift */,
				37F7CD131DE6B0FD0085A2E4 /* JDVNavigationController.swift */,
				37F7CD141DE6B0FD0085A2E4 /* JDVFunctions.swift */,
				37F7CD151DE6B0FD0085A2E4 /* JDVBarButtonItem.swift */,
				37F7CD161DE6B0FD0085A2E4 /* JDVViewController.swift */,
				37F7CD171DE6B0FD0085A2E4 /* JDVTabbarView.swift */,
				37F7CD181DE6B0FD0085A2E4 /* JDVTabbarView.xib */,
				37F7CD191DE6B0FD0085A2E4 /* JDVTestResultLabelView.swift */,
				37F7CD1A1DE6B0FD0085A2E4 /* JDVTestResultLabelView.xib */,
				37F7CD1B1DE6B0FD0085A2E4 /* JDVBanner.swift */,
				37F7CD1C1DE6B0FD0085A2E4 /* JDVBanner.xib */,
				37F7CD1D1DE6B0FD0085A2E4 /* JDVRadioButtonManager.swift */,
				37F7CD1E1DE6B0FD0085A2E4 /* JDVChoiceLabelManager.swift */,
				37F7CD1F1DE6B0FD0085A2E4 /* JDVNoteManager.swift */,
				37F7CD201DE6B0FD0085A2E4 /* JDVScoreManager.swift */,
				37F7CD211DE6B0FD0085A2E4 /* JDVProbManager.swift */,
				37F7CD221DE6B0FD0085A2E4 /* JDVSolutionManager.swift */,
				37F7CD231DE6B0FD0085A2E4 /* JDVLabel.swift */,
				37B1E5E01DEB12EC008B6206 /* JDVTextView.swift */,
			);
			name = JDVKit;
			sourceTree = "<group>";
		};
		37E0336F1DE5581B00A5C4AC /* Home */ = {
			isa = PBXGroup;
			children = (
				375EB9101DBDE55900337236 /* HomeViewController.swift */,
				37E0336D1DE5581700A5C4AC /* SettingsViewController.swift */,
				37E033701DE5582C00A5C4AC /* SettingsTableViewCell.swift */,
			);
			name = Home;
			sourceTree = "<group>";
		};
		37F7CD121DE6AFDB0085A2E4 /* Prob */ = {
			isa = PBXGroup;
			children = (
				37F7CD101DE6AFD60085A2E4 /* ProbMenuViewController.swift */,
				37F7CD351DE6B1A60085A2E4 /* ProbCollectionViewController.swift */,
				3711B3B31DE6C27B008BC74C /* ProbCollectionViewCell.swift */,
				37D99B0D1DE87AC30017F7CF /* ProbTestFrameViewController.swift */,
				37D99B0F1DE87B1D0017F7CF /* ProbTestInnerViewController.swift */,
			);
			name = Prob;
			sourceTree = "<group>";
		};
		37F7CD371DE6B1F30085A2E4 /* CoreData */ = {
			isa = PBXGroup;
			children = (
				375EB9151DBDE55900337236 /* KoreaJunDamVi.xcdatamodeld */,
				37F7CD381DE6B1FD0085A2E4 /* DataController.swift */,
			);
			name = CoreData;
			sourceTree = "<group>";
		};
		37F7CD3A1DE6B3570085A2E4 /* Supportings */ = {
			isa = PBXGroup;
			children = (
				375EB91A1DBDE55900337236 /* LaunchScreen.storyboard */,
				375EB9181DBDE55900337236 /* Assets.xcassets */,
				375EB91D1DBDE55900337236 /* Info.plist */,
				376184681DE9C9C1005B503C /* NanumMyeongjo.ttf */,
				376184691DE9C9C1005B503C /* NanumMyeongjoBold.ttf */,
				3761846A1DE9C9C1005B503C /* NanumMyeongjoExtraBold.ttf */,
				37DA176C1DC330C70008C697 /* NanumGothic.ttf */,
				37DA176D1DC330C70008C697 /* NanumGothicBold.ttf */,
				37DA176E1DC330C70008C697 /* NanumGothicExtraBold.ttf */,
				375A22C81DF54381006B4ED2 /* NanumBarunGothic.ttf */,
				375A22C91DF54381006B4ED2 /* NanumBarunGothicBold.ttf */,
				375A22CA1DF54381006B4ED2 /* NanumBarunGothicLight.ttf */,
				375A22CB1DF54381006B4ED2 /* NanumBarunGothicUltraLight.ttf */,
			);
			name = Supportings;
			sourceTree = "<group>";
		};
		37F7CD3B1DE6B3700085A2E4 /* StoryBoards */ = {
			isa = PBXGroup;
			children = (
				375EB9121DBDE55900337236 /* Main.storyboard */,
				3747EEA21DC1CAFC0029DC27 /* Home.storyboard */,
				3747EEA41DC1CBA60029DC27 /* Prob.storyboard */,
				37E033661DE5521000A5C4AC /* Note.storyboard */,
				37E033681DE5524100A5C4AC /* Solution.storyboard */,
				37E0336A1DE5532000A5C4AC /* Analytics.storyboard */,
			);
			name = StoryBoards;
			sourceTree = "<group>";
		};
		CB2C162B636037CD0823CE91 /* Frameworks */ = {
			isa = PBXGroup;
			children = (
				2D36EBE354F0B953A60C91A9 /* Pods_KoreaJunDamVi.framework */,
			);
			name = Frameworks;
			sourceTree = "<group>";
		};
		E51F0A879108B7F29D794D58 /* Pods */ = {
			isa = PBXGroup;
			children = (
				60E27E9F43519B1A5220A6C8 /* Pods-KoreaJunDamVi.debug.xcconfig */,
				8CB84FB40FADE9842686D310 /* Pods-KoreaJunDamVi.release.xcconfig */,
			);
			name = Pods;
			sourceTree = "<group>";
		};
/* End PBXGroup section */

/* Begin PBXNativeTarget section */
		375EB90A1DBDE55900337236 /* KoreaJunDamVi */ = {
			isa = PBXNativeTarget;
			buildConfigurationList = 375EB9201DBDE55900337236 /* Build configuration list for PBXNativeTarget "KoreaJunDamVi" */;
			buildPhases = (
				47150BFE1990B6C0516D088D /* [CP] Check Pods Manifest.lock */,
				375EB9071DBDE55900337236 /* Sources */,
				375EB9081DBDE55900337236 /* Frameworks */,
				375EB9091DBDE55900337236 /* Resources */,
				4F4F631B381C6533DA290FFC /* [CP] Embed Pods Frameworks */,
				B415ECF77093887A09B1490C /* [CP] Copy Pods Resources */,
			);
			buildRules = (
			);
			dependencies = (
			);
			name = KoreaJunDamVi;
			productName = KoreaJunDamVi;
			productReference = 375EB90B1DBDE55900337236 /* KoreaJunDamVi.app */;
			productType = "com.apple.product-type.application";
		};
/* End PBXNativeTarget section */

/* Begin PBXProject section */
		375EB9031DBDE55900337236 /* Project object */ = {
			isa = PBXProject;
			attributes = {
				LastSwiftUpdateCheck = 0800;
				LastUpgradeCheck = 0800;
				ORGANIZATIONNAME = JunDamVi;
				TargetAttributes = {
					375EB90A1DBDE55900337236 = {
						CreatedOnToolsVersion = 8.0;
						DevelopmentTeam = ZH9C52WH4J;
						LastSwiftMigration = 0800;
						ProvisioningStyle = Automatic;
					};
				};
			};
			buildConfigurationList = 375EB9061DBDE55900337236 /* Build configuration list for PBXProject "KoreaJunDamVi" */;
			compatibilityVersion = "Xcode 3.2";
			developmentRegion = English;
			hasScannedForEncodings = 0;
			knownRegions = (
				en,
				Base,
			);
			mainGroup = 375EB9021DBDE55900337236;
			productRefGroup = 375EB90C1DBDE55900337236 /* Products */;
			projectDirPath = "";
			projectRoot = "";
			targets = (
				375EB90A1DBDE55900337236 /* KoreaJunDamVi */,
			);
		};
/* End PBXProject section */

/* Begin PBXResourcesBuildPhase section */
		375EB9091DBDE55900337236 /* Resources */ = {
			isa = PBXResourcesBuildPhase;
			buildActionMask = 2147483647;
			files = (
				37D28DC71DF54A6800B40129 /* NanumBarunGothic.ttf in Resources */,
				37D28DC81DF54A6800B40129 /* NanumBarunGothicBold.ttf in Resources */,
				37D28DC91DF54A6800B40129 /* NanumBarunGothicLight.ttf in Resources */,
				37D28DCA1DF54A6800B40129 /* NanumBarunGothicUltraLight.ttf in Resources */,
				3761846B1DE9D0E6005B503C /* NanumMyeongjo.ttf in Resources */,
				3761846C1DE9D0E6005B503C /* NanumMyeongjoBold.ttf in Resources */,
				3761846D1DE9D0E6005B503C /* NanumMyeongjoExtraBold.ttf in Resources */,
				377BB0E21DC86F2100C9D08D /* NanumGothic.ttf in Resources */,
				377BB0E31DC86F2100C9D08D /* NanumGothicBold.ttf in Resources */,
				37E033671DE5521000A5C4AC /* Note.storyboard in Resources */,
				37F7CD2B1DE6B0FE0085A2E4 /* JDVTestResultLabelView.xib in Resources */,
				377BB0E41DC86F2100C9D08D /* NanumGothicExtraBold.ttf in Resources */,
				375EB91C1DBDE55900337236 /* LaunchScreen.storyboard in Resources */,
				37F7CD291DE6B0FE0085A2E4 /* JDVTabbarView.xib in Resources */,
				37E033691DE5524100A5C4AC /* Solution.storyboard in Resources */,
				375EB9191DBDE55900337236 /* Assets.xcassets in Resources */,
				375EB9141DBDE55900337236 /* Main.storyboard in Resources */,
				37F7CD2D1DE6B0FE0085A2E4 /* JDVBanner.xib in Resources */,
				37E0336B1DE5532000A5C4AC /* Analytics.storyboard in Resources */,
				3747EEA31DC1CAFC0029DC27 /* Home.storyboard in Resources */,
				3747EEA51DC1CBA60029DC27 /* Prob.storyboard in Resources */,
			);
			runOnlyForDeploymentPostprocessing = 0;
		};
/* End PBXResourcesBuildPhase section */

/* Begin PBXShellScriptBuildPhase section */
		47150BFE1990B6C0516D088D /* [CP] Check Pods Manifest.lock */ = {
			isa = PBXShellScriptBuildPhase;
			buildActionMask = 2147483647;
			files = (
			);
			inputPaths = (
			);
			name = "[CP] Check Pods Manifest.lock";
			outputPaths = (
			);
			runOnlyForDeploymentPostprocessing = 0;
			shellPath = /bin/sh;
			shellScript = "diff \"${PODS_ROOT}/../Podfile.lock\" \"${PODS_ROOT}/Manifest.lock\" > /dev/null\nif [ $? != 0 ] ; then\n    # print error to STDERR\n    echo \"error: The sandbox is not in sync with the Podfile.lock. Run 'pod install' or update your CocoaPods installation.\" >&2\n    exit 1\nfi\n";
			showEnvVarsInLog = 0;
		};
		4F4F631B381C6533DA290FFC /* [CP] Embed Pods Frameworks */ = {
			isa = PBXShellScriptBuildPhase;
			buildActionMask = 2147483647;
			files = (
			);
			inputPaths = (
			);
			name = "[CP] Embed Pods Frameworks";
			outputPaths = (
			);
			runOnlyForDeploymentPostprocessing = 0;
			shellPath = /bin/sh;
			shellScript = "\"${SRCROOT}/Pods/Target Support Files/Pods-KoreaJunDamVi/Pods-KoreaJunDamVi-frameworks.sh\"\n";
			showEnvVarsInLog = 0;
		};
		B415ECF77093887A09B1490C /* [CP] Copy Pods Resources */ = {
			isa = PBXShellScriptBuildPhase;
			buildActionMask = 2147483647;
			files = (
			);
			inputPaths = (
			);
			name = "[CP] Copy Pods Resources";
			outputPaths = (
			);
			runOnlyForDeploymentPostprocessing = 0;
			shellPath = /bin/sh;
			shellScript = "\"${SRCROOT}/Pods/Target Support Files/Pods-KoreaJunDamVi/Pods-KoreaJunDamVi-resources.sh\"\n";
			showEnvVarsInLog = 0;
		};
/* End PBXShellScriptBuildPhase section */

/* Begin PBXSourcesBuildPhase section */
		375EB9071DBDE55900337236 /* Sources */ = {
			isa = PBXSourcesBuildPhase;
			buildActionMask = 2147483647;
			files = (
				37F7CD2A1DE6B0FE0085A2E4 /* JDVTestResultLabelView.swift in Sources */,
				37F7CD111DE6AFD60085A2E4 /* ProbMenuViewController.swift in Sources */,
				37F7CD321DE6B0FE0085A2E4 /* JDVProbManager.swift in Sources */,
				37F7CD271DE6B0FD0085A2E4 /* JDVViewController.swift in Sources */,
				37F7CD261DE6B0FD0085A2E4 /* JDVBarButtonItem.swift in Sources */,
				37F7CD2E1DE6B0FE0085A2E4 /* JDVRadioButtonManager.swift in Sources */,
				37F7CD341DE6B0FE0085A2E4 /* JDVLabel.swift in Sources */,
				3711B3B41DE6C27B008BC74C /* ProbCollectionViewCell.swift in Sources */,
				37F7CD2C1DE6B0FE0085A2E4 /* JDVBanner.swift in Sources */,
				375EB9111DBDE55900337236 /* HomeViewController.swift in Sources */,
				379DB8981DBF3D1700882280 /* RoundView.swift in Sources */,
				37F7CD391DE6B1FD0085A2E4 /* DataController.swift in Sources */,
				37F7CD331DE6B0FE0085A2E4 /* JDVSolutionManager.swift in Sources */,
				37D99B0E1DE87AC30017F7CF /* ProbTestFrameViewController.swift in Sources */,
				37F7CD281DE6B0FE0085A2E4 /* JDVTabbarView.swift in Sources */,
				37E033711DE5582C00A5C4AC /* SettingsTableViewCell.swift in Sources */,
				37E0336E1DE5581700A5C4AC /* SettingsViewController.swift in Sources */,
				37F7CD251DE6B0FD0085A2E4 /* JDVFunctions.swift in Sources */,
				37F7CD361DE6B1A60085A2E4 /* ProbCollectionViewController.swift in Sources */,
				37F7CD2F1DE6B0FE0085A2E4 /* JDVChoiceLabelManager.swift in Sources */,
				377BB0E61DC87BE600C9D08D /* MNFunction.swift in Sources */,
				379DB89A1DBF3E3400882280 /* Radian.swift in Sources */,
				37F7CD311DE6B0FE0085A2E4 /* JDVScoreManager.swift in Sources */,
				375EB90F1DBDE55900337236 /* AppDelegate.swift in Sources */,
				37B1E5E11DEB12EC008B6206 /* JDVTextView.swift in Sources */,
				37F7CD301DE6B0FE0085A2E4 /* JDVNoteManager.swift in Sources */,
				37F7CD241DE6B0FD0085A2E4 /* JDVNavigationController.swift in Sources */,
				37D99B101DE87B1D0017F7CF /* ProbTestInnerViewController.swift in Sources */,
				375EB9171DBDE55900337236 /* KoreaJunDamVi.xcdatamodeld in Sources */,
			);
			runOnlyForDeploymentPostprocessing = 0;
		};
/* End PBXSourcesBuildPhase section */

/* Begin PBXVariantGroup section */
		375EB9121DBDE55900337236 /* Main.storyboard */ = {
			isa = PBXVariantGroup;
			children = (
				375EB9131DBDE55900337236 /* Base */,
			);
			name = Main.storyboard;
			sourceTree = "<group>";
		};
		375EB91A1DBDE55900337236 /* LaunchScreen.storyboard */ = {
			isa = PBXVariantGroup;
			children = (
				375EB91B1DBDE55900337236 /* Base */,
			);
			name = LaunchScreen.storyboard;
			sourceTree = "<group>";
		};
/* End PBXVariantGroup section */

/* Begin XCBuildConfiguration section */
		375EB91E1DBDE55900337236 /* Debug */ = {
			isa = XCBuildConfiguration;
			buildSettings = {
				ALWAYS_SEARCH_USER_PATHS = NO;
				CLANG_ANALYZER_NONNULL = YES;
				CLANG_CXX_LANGUAGE_STANDARD = "gnu++0x";
				CLANG_CXX_LIBRARY = "libc++";
				CLANG_ENABLE_MODULES = YES;
				CLANG_ENABLE_OBJC_ARC = YES;
				CLANG_WARN_BOOL_CONVERSION = YES;
				CLANG_WARN_CONSTANT_CONVERSION = YES;
				CLANG_WARN_DIRECT_OBJC_ISA_USAGE = YES_ERROR;
				CLANG_WARN_DOCUMENTATION_COMMENTS = YES;
				CLANG_WARN_EMPTY_BODY = YES;
				CLANG_WARN_ENUM_CONVERSION = YES;
				CLANG_WARN_INFINITE_RECURSION = YES;
				CLANG_WARN_INT_CONVERSION = YES;
				CLANG_WARN_OBJC_ROOT_CLASS = YES_ERROR;
				CLANG_WARN_SUSPICIOUS_MOVES = YES;
				CLANG_WARN_UNREACHABLE_CODE = YES;
				CLANG_WARN__DUPLICATE_METHOD_MATCH = YES;
				"CODE_SIGN_IDENTITY[sdk=iphoneos*]" = "iPhone Developer";
				COPY_PHASE_STRIP = NO;
				DEBUG_INFORMATION_FORMAT = dwarf;
				ENABLE_STRICT_OBJC_MSGSEND = YES;
				ENABLE_TESTABILITY = YES;
				GCC_C_LANGUAGE_STANDARD = gnu99;
				GCC_DYNAMIC_NO_PIC = NO;
				GCC_NO_COMMON_BLOCKS = YES;
				GCC_OPTIMIZATION_LEVEL = 0;
				GCC_PREPROCESSOR_DEFINITIONS = (
					"DEBUG=1",
					"$(inherited)",
				);
				GCC_WARN_64_TO_32_BIT_CONVERSION = YES;
				GCC_WARN_ABOUT_RETURN_TYPE = YES_ERROR;
				GCC_WARN_UNDECLARED_SELECTOR = YES;
				GCC_WARN_UNINITIALIZED_AUTOS = YES_AGGRESSIVE;
				GCC_WARN_UNUSED_FUNCTION = YES;
				GCC_WARN_UNUSED_VARIABLE = YES;
				IPHONEOS_DEPLOYMENT_TARGET = 9.3;
				MTL_ENABLE_DEBUG_INFO = YES;
				ONLY_ACTIVE_ARCH = YES;
				SDKROOT = iphoneos;
				SWIFT_ACTIVE_COMPILATION_CONDITIONS = DEBUG;
				SWIFT_OPTIMIZATION_LEVEL = "-Onone";
			};
			name = Debug;
		};
		375EB91F1DBDE55900337236 /* Release */ = {
			isa = XCBuildConfiguration;
			buildSettings = {
				ALWAYS_SEARCH_USER_PATHS = NO;
				CLANG_ANALYZER_NONNULL = YES;
				CLANG_CXX_LANGUAGE_STANDARD = "gnu++0x";
				CLANG_CXX_LIBRARY = "libc++";
				CLANG_ENABLE_MODULES = YES;
				CLANG_ENABLE_OBJC_ARC = YES;
				CLANG_WARN_BOOL_CONVERSION = YES;
				CLANG_WARN_CONSTANT_CONVERSION = YES;
				CLANG_WARN_DIRECT_OBJC_ISA_USAGE = YES_ERROR;
				CLANG_WARN_DOCUMENTATION_COMMENTS = YES;
				CLANG_WARN_EMPTY_BODY = YES;
				CLANG_WARN_ENUM_CONVERSION = YES;
				CLANG_WARN_INFINITE_RECURSION = YES;
				CLANG_WARN_INT_CONVERSION = YES;
				CLANG_WARN_OBJC_ROOT_CLASS = YES_ERROR;
				CLANG_WARN_SUSPICIOUS_MOVES = YES;
				CLANG_WARN_UNREACHABLE_CODE = YES;
				CLANG_WARN__DUPLICATE_METHOD_MATCH = YES;
				"CODE_SIGN_IDENTITY[sdk=iphoneos*]" = "iPhone Developer";
				COPY_PHASE_STRIP = NO;
				DEBUG_INFORMATION_FORMAT = "dwarf-with-dsym";
				ENABLE_NS_ASSERTIONS = NO;
				ENABLE_STRICT_OBJC_MSGSEND = YES;
				GCC_C_LANGUAGE_STANDARD = gnu99;
				GCC_NO_COMMON_BLOCKS = YES;
				GCC_WARN_64_TO_32_BIT_CONVERSION = YES;
				GCC_WARN_ABOUT_RETURN_TYPE = YES_ERROR;
				GCC_WARN_UNDECLARED_SELECTOR = YES;
				GCC_WARN_UNINITIALIZED_AUTOS = YES_AGGRESSIVE;
				GCC_WARN_UNUSED_FUNCTION = YES;
				GCC_WARN_UNUSED_VARIABLE = YES;
				IPHONEOS_DEPLOYMENT_TARGET = 9.3;
				MTL_ENABLE_DEBUG_INFO = NO;
				SDKROOT = iphoneos;
				SWIFT_OPTIMIZATION_LEVEL = "-Owholemodule";
				VALIDATE_PRODUCT = YES;
			};
			name = Release;
		};
		375EB9211DBDE55900337236 /* Debug */ = {
			isa = XCBuildConfiguration;
			baseConfigurationReference = 60E27E9F43519B1A5220A6C8 /* Pods-KoreaJunDamVi.debug.xcconfig */;
			buildSettings = {
				ASSETCATALOG_COMPILER_APPICON_NAME = AppIcon;
				DEVELOPMENT_TEAM = ZH9C52WH4J;
				INFOPLIST_FILE = KoreaJunDamVi/Info.plist;
				IPHONEOS_DEPLOYMENT_TARGET = 9.3;
				LD_RUNPATH_SEARCH_PATHS = "$(inherited) @executable_path/Frameworks";
				PRODUCT_BUNDLE_IDENTIFIER = com.JDV.KoreaJunDamVi;
				PRODUCT_NAME = "$(TARGET_NAME)";
				SWIFT_VERSION = 3.0;
				TARGETED_DEVICE_FAMILY = "1,2";
			};
			name = Debug;
		};
		375EB9221DBDE55900337236 /* Release */ = {
			isa = XCBuildConfiguration;
			baseConfigurationReference = 8CB84FB40FADE9842686D310 /* Pods-KoreaJunDamVi.release.xcconfig */;
			buildSettings = {
				ASSETCATALOG_COMPILER_APPICON_NAME = AppIcon;
				DEVELOPMENT_TEAM = ZH9C52WH4J;
				INFOPLIST_FILE = KoreaJunDamVi/Info.plist;
				IPHONEOS_DEPLOYMENT_TARGET = 9.3;
				LD_RUNPATH_SEARCH_PATHS = "$(inherited) @executable_path/Frameworks";
				PRODUCT_BUNDLE_IDENTIFIER = com.JDV.KoreaJunDamVi;
				PRODUCT_NAME = "$(TARGET_NAME)";
				SWIFT_VERSION = 3.0;
				TARGETED_DEVICE_FAMILY = "1,2";
			};
			name = Release;
		};
/* End XCBuildConfiguration section */

/* Begin XCConfigurationList section */
		375EB9061DBDE55900337236 /* Build configuration list for PBXProject "KoreaJunDamVi" */ = {
			isa = XCConfigurationList;
			buildConfigurations = (
				375EB91E1DBDE55900337236 /* Debug */,
				375EB91F1DBDE55900337236 /* Release */,
			);
			defaultConfigurationIsVisible = 0;
			defaultConfigurationName = Release;
		};
		375EB9201DBDE55900337236 /* Build configuration list for PBXNativeTarget "KoreaJunDamVi" */ = {
			isa = XCConfigurationList;
			buildConfigurations = (
				375EB9211DBDE55900337236 /* Debug */,
				375EB9221DBDE55900337236 /* Release */,
			);
			defaultConfigurationIsVisible = 0;
			defaultConfigurationName = Release;
		};
/* End XCConfigurationList section */

/* Begin XCVersionGroup section */
		375EB9151DBDE55900337236 /* KoreaJunDamVi.xcdatamodeld */ = {
			isa = XCVersionGroup;
			children = (
				375EB9161DBDE55900337236 /* KoreaJunDamVi.xcdatamodel */,
			);
			currentVersion = 375EB9161DBDE55900337236 /* KoreaJunDamVi.xcdatamodel */;
			path = KoreaJunDamVi.xcdatamodeld;
			sourceTree = "<group>";
			versionGroupType = wrapper.xcdatamodel;
		};
/* End XCVersionGroup section */
	};
	rootObject = 375EB9031DBDE55900337236 /* Project object */;
}
