// !$*UTF8*$!
{
	archiveVersion = 1;
	classes = {
	};
	objectVersion = 46;
	objects = {

/* Begin PBXBuildFile section */
		05E0113D8C6B0C6415A1EA4D /* Pods_KoreaJunDamVi.framework in Frameworks */ = {isa = PBXBuildFile; fileRef = 2D36EBE354F0B953A60C91A9 /* Pods_KoreaJunDamVi.framework */; };
		375EB90F1DBDE55900337236 /* AppDelegate.swift in Sources */ = {isa = PBXBuildFile; fileRef = 375EB90E1DBDE55900337236 /* AppDelegate.swift */; };
		375EB9111DBDE55900337236 /* ViewController.swift in Sources */ = {isa = PBXBuildFile; fileRef = 375EB9101DBDE55900337236 /* ViewController.swift */; };
		375EB9141DBDE55900337236 /* Main.storyboard in Resources */ = {isa = PBXBuildFile; fileRef = 375EB9121DBDE55900337236 /* Main.storyboard */; };
		375EB9171DBDE55900337236 /* KoreaJunDamVi.xcdatamodeld in Sources */ = {isa = PBXBuildFile; fileRef = 375EB9151DBDE55900337236 /* KoreaJunDamVi.xcdatamodeld */; };
		375EB9191DBDE55900337236 /* Assets.xcassets in Resources */ = {isa = PBXBuildFile; fileRef = 375EB9181DBDE55900337236 /* Assets.xcassets */; };
		375EB91C1DBDE55900337236 /* LaunchScreen.storyboard in Resources */ = {isa = PBXBuildFile; fileRef = 375EB91A1DBDE55900337236 /* LaunchScreen.storyboard */; };
/* End PBXBuildFile section */

/* Begin PBXFileReference section */
		2D36EBE354F0B953A60C91A9 /* Pods_KoreaJunDamVi.framework */ = {isa = PBXFileReference; explicitFileType = wrapper.framework; includeInIndex = 0; path = Pods_KoreaJunDamVi.framework; sourceTree = BUILT_PRODUCTS_DIR; };
		375EB90B1DBDE55900337236 /* KoreaJunDamVi.app */ = {isa = PBXFileReference; explicitFileType = wrapper.application; includeInIndex = 0; path = KoreaJunDamVi.app; sourceTree = BUILT_PRODUCTS_DIR; };
		375EB90E1DBDE55900337236 /* AppDelegate.swift */ = {isa = PBXFileReference; lastKnownFileType = sourcecode.swift; path = AppDelegate.swift; sourceTree = "<group>"; };
		375EB9101DBDE55900337236 /* ViewController.swift */ = {isa = PBXFileReference; lastKnownFileType = sourcecode.swift; path = ViewController.swift; sourceTree = "<group>"; };
		375EB9131DBDE55900337236 /* Base */ = {isa = PBXFileReference; lastKnownFileType = file.storyboard; name = Base; path = Base.lproj/Main.storyboard; sourceTree = "<group>"; };
		375EB9161DBDE55900337236 /* KoreaJunDamVi.xcdatamodel */ = {isa = PBXFileReference; lastKnownFileType = wrapper.xcdatamodel; path = KoreaJunDamVi.xcdatamodel; sourceTree = "<group>"; };
		375EB9181DBDE55900337236 /* Assets.xcassets */ = {isa = PBXFileReference; lastKnownFileType = folder.assetcatalog; path = Assets.xcassets; sourceTree = "<group>"; };
		375EB91B1DBDE55900337236 /* Base */ = {isa = PBXFileReference; lastKnownFileType = file.storyboard; name = Base; path = Base.lproj/LaunchScreen.storyboard; sourceTree = "<group>"; };
		375EB91D1DBDE55900337236 /* Info.plist */ = {isa = PBXFileReference; lastKnownFileType = text.plist.xml; path = Info.plist; sourceTree = "<group>"; };
		60E27E9F43519B1A5220A6C8 /* Pods-KoreaJunDamVi.debug.xcconfig */ = {isa = PBXFileReference; includeInIndex = 1; lastKnownFileType = text.xcconfig; name = "Pods-KoreaJunDamVi.debug.xcconfig"; path = "Pods/Target Support Files/Pods-KoreaJunDamVi/Pods-KoreaJunDamVi.debug.xcconfig"; sourceTree = "<group>"; };
		8CB84FB40FADE9842686D310 /* Pods-KoreaJunDamVi.release.xcconfig */ = {isa = PBXFileReference; includeInIndex = 1; lastKnownFileType = text.xcconfig; name = "Pods-KoreaJunDamVi.release.xcconfig"; path = "Pods/Target Support Files/Pods-KoreaJunDamVi/Pods-KoreaJunDamVi.release.xcconfig"; sourceTree = "<group>"; };
/* End PBXFileReference section */

/* Begin PBXFrameworksBuildPhase section */
		375EB9081DBDE55900337236 /* Frameworks */ = {
			isa = PBXFrameworksBuildPhase;
			buildActionMask = 2147483647;
			files = (
				05E0113D8C6B0C6415A1EA4D /* Pods_KoreaJunDamVi.framework in Frameworks */,
			);
			runOnlyForDeploymentPostprocessing = 0;
		};
/* End PBXFrameworksBuildPhase section */

/* Begin PBXGroup section */
		375EB9021DBDE55900337236 = {
			isa = PBXGroup;
			children = (
				375EB90D1DBDE55900337236 /* KoreaJunDamVi */,
				375EB90C1DBDE55900337236 /* Products */,
				E51F0A879108B7F29D794D58 /* Pods */,
				CB2C162B636037CD0823CE91 /* Frameworks */,
			);
			sourceTree = "<group>";
		};
		375EB90C1DBDE55900337236 /* Products */ = {
			isa = PBXGroup;
			children = (
				375EB90B1DBDE55900337236 /* KoreaJunDamVi.app */,
			);
			name = Products;
			sourceTree = "<group>";
		};
		375EB90D1DBDE55900337236 /* KoreaJunDamVi */ = {
			isa = PBXGroup;
			children = (
				375EB90E1DBDE55900337236 /* AppDelegate.swift */,
				375EB9101DBDE55900337236 /* ViewController.swift */,
				375EB9121DBDE55900337236 /* Main.storyboard */,
				375EB9181DBDE55900337236 /* Assets.xcassets */,
				375EB91A1DBDE55900337236 /* LaunchScreen.storyboard */,
				375EB91D1DBDE55900337236 /* Info.plist */,
				375EB9151DBDE55900337236 /* KoreaJunDamVi.xcdatamodeld */,
			);
			path = KoreaJunDamVi;
			sourceTree = "<group>";
		};
		CB2C162B636037CD0823CE91 /* Frameworks */ = {
			isa = PBXGroup;
			children = (
				2D36EBE354F0B953A60C91A9 /* Pods_KoreaJunDamVi.framework */,
			);
			name = Frameworks;
			sourceTree = "<group>";
		};
		E51F0A879108B7F29D794D58 /* Pods */ = {
			isa = PBXGroup;
			children = (
				60E27E9F43519B1A5220A6C8 /* Pods-KoreaJunDamVi.debug.xcconfig */,
				8CB84FB40FADE9842686D310 /* Pods-KoreaJunDamVi.release.xcconfig */,
			);
			name = Pods;
			sourceTree = "<group>";
		};
/* End PBXGroup section */

/* Begin PBXNativeTarget section */
		375EB90A1DBDE55900337236 /* KoreaJunDamVi */ = {
			isa = PBXNativeTarget;
			buildConfigurationList = 375EB9201DBDE55900337236 /* Build configuration list for PBXNativeTarget "KoreaJunDamVi" */;
			buildPhases = (
				47150BFE1990B6C0516D088D /* [CP] Check Pods Manifest.lock */,
				375EB9071DBDE55900337236 /* Sources */,
				375EB9081DBDE55900337236 /* Frameworks */,
				375EB9091DBDE55900337236 /* Resources */,
				4F4F631B381C6533DA290FFC /* [CP] Embed Pods Frameworks */,
				B415ECF77093887A09B1490C /* [CP] Copy Pods Resources */,
			);
			buildRules = (
			);
			dependencies = (
			);
			name = KoreaJunDamVi;
			productName = KoreaJunDamVi;
			productReference = 375EB90B1DBDE55900337236 /* KoreaJunDamVi.app */;
			productType = "com.apple.product-type.application";
		};
/* End PBXNativeTarget section */

/* Begin PBXProject section */
		375EB9031DBDE55900337236 /* Project object */ = {
			isa = PBXProject;
			attributes = {
				LastSwiftUpdateCheck = 0800;
				LastUpgradeCheck = 0800;
				ORGANIZATIONNAME = JunDamVi;
				TargetAttributes = {
					375EB90A1DBDE55900337236 = {
						CreatedOnToolsVersion = 8.0;
						DevelopmentTeam = ZH9C52WH4J;
						ProvisioningStyle = Automatic;
					};
				};
			};
			buildConfigurationList = 375EB9061DBDE55900337236 /* Build configuration list for PBXProject "KoreaJunDamVi" */;
			compatibilityVersion = "Xcode 3.2";
			developmentRegion = English;
			hasScannedForEncodings = 0;
			knownRegions = (
				en,
				Base,
			);
			mainGroup = 375EB9021DBDE55900337236;
			productRefGroup = 375EB90C1DBDE55900337236 /* Products */;
			projectDirPath = "";
			projectRoot = "";
			targets = (
				375EB90A1DBDE55900337236 /* KoreaJunDamVi */,
			);
		};
/* End PBXProject section */

/* Begin PBXResourcesBuildPhase section */
		375EB9091DBDE55900337236 /* Resources */ = {
			isa = PBXResourcesBuildPhase;
			buildActionMask = 2147483647;
			files = (
				375EB91C1DBDE55900337236 /* LaunchScreen.storyboard in Resources */,
				375EB9191DBDE55900337236 /* Assets.xcassets in Resources */,
				375EB9141DBDE55900337236 /* Main.storyboard in Resources */,
			);
			runOnlyForDeploymentPostprocessing = 0;
		};
/* End PBXResourcesBuildPhase section */

/* Begin PBXShellScriptBuildPhase section */
		47150BFE1990B6C0516D088D /* [CP] Check Pods Manifest.lock */ = {
			isa = PBXShellScriptBuildPhase;
			buildActionMask = 2147483647;
			files = (
			);
			inputPaths = (
			);
			name = "[CP] Check Pods Manifest.lock";
			outputPaths = (
			);
			runOnlyForDeploymentPostprocessing = 0;
			shellPath = /bin/sh;
			shellScript = "diff \"${PODS_ROOT}/../Podfile.lock\" \"${PODS_ROOT}/Manifest.lock\" > /dev/null\nif [ $? != 0 ] ; then\n    # print error to STDERR\n    echo \"error: The sandbox is not in sync with the Podfile.lock. Run 'pod install' or update your CocoaPods installation.\" >&2\n    exit 1\nfi\n";
			showEnvVarsInLog = 0;
		};
		4F4F631B381C6533DA290FFC /* [CP] Embed Pods Frameworks */ = {
			isa = PBXShellScriptBuildPhase;
			buildActionMask = 2147483647;
			files = (
			);
			inputPaths = (
			);
			name = "[CP] Embed Pods Frameworks";
			outputPaths = (
			);
			runOnlyForDeploymentPostprocessing = 0;
			shellPath = /bin/sh;
			shellScript = "\"${SRCROOT}/Pods/Target Support Files/Pods-KoreaJunDamVi/Pods-KoreaJunDamVi-frameworks.sh\"\n";
			showEnvVarsInLog = 0;
		};
		B415ECF77093887A09B1490C /* [CP] Copy Pods Resources */ = {
			isa = PBXShellScriptBuildPhase;
			buildActionMask = 2147483647;
			files = (
			);
			inputPaths = (
			);
			name = "[CP] Copy Pods Resources";
			outputPaths = (
			);
			runOnlyForDeploymentPostprocessing = 0;
			shellPath = /bin/sh;
			shellScript = "\"${SRCROOT}/Pods/Target Support Files/Pods-KoreaJunDamVi/Pods-KoreaJunDamVi-resources.sh\"\n";
			showEnvVarsInLog = 0;
		};
/* End PBXShellScriptBuildPhase section */

/* Begin PBXSourcesBuildPhase section */
		375EB9071DBDE55900337236 /* Sources */ = {
			isa = PBXSourcesBuildPhase;
			buildActionMask = 2147483647;
			files = (
				375EB9111DBDE55900337236 /* ViewController.swift in Sources */,
				375EB90F1DBDE55900337236 /* AppDelegate.swift in Sources */,
				375EB9171DBDE55900337236 /* KoreaJunDamVi.xcdatamodeld in Sources */,
			);
			runOnlyForDeploymentPostprocessing = 0;
		};
/* End PBXSourcesBuildPhase section */

/* Begin PBXVariantGroup section */
		375EB9121DBDE55900337236 /* Main.storyboard */ = {
			isa = PBXVariantGroup;
			children = (
				375EB9131DBDE55900337236 /* Base */,
			);
			name = Main.storyboard;
			sourceTree = "<group>";
		};
		375EB91A1DBDE55900337236 /* LaunchScreen.storyboard */ = {
			isa = PBXVariantGroup;
			children = (
				375EB91B1DBDE55900337236 /* Base */,
			);
			name = LaunchScreen.storyboard;
			sourceTree = "<group>";
		};
/* End PBXVariantGroup section */

/* Begin XCBuildConfiguration section */
		375EB91E1DBDE55900337236 /* Debug */ = {
			isa = XCBuildConfiguration;
			buildSettings = {
				ALWAYS_SEARCH_USER_PATHS = NO;
				CLANG_ANALYZER_NONNULL = YES;
				CLANG_CXX_LANGUAGE_STANDARD = "gnu++0x";
				CLANG_CXX_LIBRARY = "libc++";
				CLANG_ENABLE_MODULES = YES;
				CLANG_ENABLE_OBJC_ARC = YES;
				CLANG_WARN_BOOL_CONVERSION = YES;
				CLANG_WARN_CONSTANT_CONVERSION = YES;
				CLANG_WARN_DIRECT_OBJC_ISA_USAGE = YES_ERROR;
				CLANG_WARN_DOCUMENTATION_COMMENTS = YES;
				CLANG_WARN_EMPTY_BODY = YES;
				CLANG_WARN_ENUM_CONVERSION = YES;
				CLANG_WARN_INFINITE_RECURSION = YES;
				CLANG_WARN_INT_CONVERSION = YES;
				CLANG_WARN_OBJC_ROOT_CLASS = YES_ERROR;
				CLANG_WARN_SUSPICIOUS_MOVES = YES;
				CLANG_WARN_UNREACHABLE_CODE = YES;
				CLANG_WARN__DUPLICATE_METHOD_MATCH = YES;
				"CODE_SIGN_IDENTITY[sdk=iphoneos*]" = "iPhone Developer";
				COPY_PHASE_STRIP = NO;
				DEBUG_INFORMATION_FORMAT = dwarf;
				ENABLE_STRICT_OBJC_MSGSEND = YES;
				ENABLE_TESTABILITY = YES;
				GCC_C_LANGUAGE_STANDARD = gnu99;
				GCC_DYNAMIC_NO_PIC = NO;
				GCC_NO_COMMON_BLOCKS = YES;
				GCC_OPTIMIZATION_LEVEL = 0;
				GCC_PREPROCESSOR_DEFINITIONS = (
					"DEBUG=1",
					"$(inherited)",
				);
				GCC_WARN_64_TO_32_BIT_CONVERSION = YES;
				GCC_WARN_ABOUT_RETURN_TYPE = YES_ERROR;
				GCC_WARN_UNDECLARED_SELECTOR = YES;
				GCC_WARN_UNINITIALIZED_AUTOS = YES_AGGRESSIVE;
				GCC_WARN_UNUSED_FUNCTION = YES;
				GCC_WARN_UNUSED_VARIABLE = YES;
				IPHONEOS_DEPLOYMENT_TARGET = 10.0;
				MTL_ENABLE_DEBUG_INFO = YES;
				ONLY_ACTIVE_ARCH = YES;
				SDKROOT = iphoneos;
				SWIFT_ACTIVE_COMPILATION_CONDITIONS = DEBUG;
				SWIFT_OPTIMIZATION_LEVEL = "-Onone";
			};
			name = Debug;
		};
		375EB91F1DBDE55900337236 /* Release */ = {
			isa = XCBuildConfiguration;
			buildSettings = {
				ALWAYS_SEARCH_USER_PATHS = NO;
				CLANG_ANALYZER_NONNULL = YES;
				CLANG_CXX_LANGUAGE_STANDARD = "gnu++0x";
				CLANG_CXX_LIBRARY = "libc++";
				CLANG_ENABLE_MODULES = YES;
				CLANG_ENABLE_OBJC_ARC = YES;
				CLANG_WARN_BOOL_CONVERSION = YES;
				CLANG_WARN_CONSTANT_CONVERSION = YES;
				CLANG_WARN_DIRECT_OBJC_ISA_USAGE = YES_ERROR;
				CLANG_WARN_DOCUMENTATION_COMMENTS = YES;
				CLANG_WARN_EMPTY_BODY = YES;
				CLANG_WARN_ENUM_CONVERSION = YES;
				CLANG_WARN_INFINITE_RECURSION = YES;
				CLANG_WARN_INT_CONVERSION = YES;
				CLANG_WARN_OBJC_ROOT_CLASS = YES_ERROR;
				CLANG_WARN_SUSPICIOUS_MOVES = YES;
				CLANG_WARN_UNREACHABLE_CODE = YES;
				CLANG_WARN__DUPLICATE_METHOD_MATCH = YES;
				"CODE_SIGN_IDENTITY[sdk=iphoneos*]" = "iPhone Developer";
				COPY_PHASE_STRIP = NO;
				DEBUG_INFORMATION_FORMAT = "dwarf-with-dsym";
				ENABLE_NS_ASSERTIONS = NO;
				ENABLE_STRICT_OBJC_MSGSEND = YES;
				GCC_C_LANGUAGE_STANDARD = gnu99;
				GCC_NO_COMMON_BLOCKS = YES;
				GCC_WARN_64_TO_32_BIT_CONVERSION = YES;
				GCC_WARN_ABOUT_RETURN_TYPE = YES_ERROR;
				GCC_WARN_UNDECLARED_SELECTOR = YES;
				GCC_WARN_UNINITIALIZED_AUTOS = YES_AGGRESSIVE;
				GCC_WARN_UNUSED_FUNCTION = YES;
				GCC_WARN_UNUSED_VARIABLE = YES;
				IPHONEOS_DEPLOYMENT_TARGET = 10.0;
				MTL_ENABLE_DEBUG_INFO = NO;
				SDKROOT = iphoneos;
				SWIFT_OPTIMIZATION_LEVEL = "-Owholemodule";
				VALIDATE_PRODUCT = YES;
			};
			name = Release;
		};
		375EB9211DBDE55900337236 /* Debug */ = {
			isa = XCBuildConfiguration;
			baseConfigurationReference = 60E27E9F43519B1A5220A6C8 /* Pods-KoreaJunDamVi.debug.xcconfig */;
			buildSettings = {
				ASSETCATALOG_COMPILER_APPICON_NAME = AppIcon;
				DEVELOPMENT_TEAM = ZH9C52WH4J;
				INFOPLIST_FILE = KoreaJunDamVi/Info.plist;
				LD_RUNPATH_SEARCH_PATHS = "$(inherited) @executable_path/Frameworks";
				PRODUCT_BUNDLE_IDENTIFIER = com.JDV.KoreaJunDamVi;
				PRODUCT_NAME = "$(TARGET_NAME)";
				SWIFT_VERSION = 3.0;
			};
			name = Debug;
		};
		375EB9221DBDE55900337236 /* Release */ = {
			isa = XCBuildConfiguration;
			baseConfigurationReference = 8CB84FB40FADE9842686D310 /* Pods-KoreaJunDamVi.release.xcconfig */;
			buildSettings = {
				ASSETCATALOG_COMPILER_APPICON_NAME = AppIcon;
				DEVELOPMENT_TEAM = ZH9C52WH4J;
				INFOPLIST_FILE = KoreaJunDamVi/Info.plist;
				LD_RUNPATH_SEARCH_PATHS = "$(inherited) @executable_path/Frameworks";
				PRODUCT_BUNDLE_IDENTIFIER = com.JDV.KoreaJunDamVi;
				PRODUCT_NAME = "$(TARGET_NAME)";
				SWIFT_VERSION = 3.0;
			};
			name = Release;
		};
/* End XCBuildConfiguration section */

/* Begin XCConfigurationList section */
		375EB9061DBDE55900337236 /* Build configuration list for PBXProject "KoreaJunDamVi" */ = {
			isa = XCConfigurationList;
			buildConfigurations = (
				375EB91E1DBDE55900337236 /* Debug */,
				375EB91F1DBDE55900337236 /* Release */,
			);
			defaultConfigurationIsVisible = 0;
			defaultConfigurationName = Release;
		};
		375EB9201DBDE55900337236 /* Build configuration list for PBXNativeTarget "KoreaJunDamVi" */ = {
			isa = XCConfigurationList;
			buildConfigurations = (
				375EB9211DBDE55900337236 /* Debug */,
				375EB9221DBDE55900337236 /* Release */,
			);
			defaultConfigurationIsVisible = 0;
			defaultConfigurationName = Release;
		};
/* End XCConfigurationList section */

/* Begin XCVersionGroup section */
		375EB9151DBDE55900337236 /* KoreaJunDamVi.xcdatamodeld */ = {
			isa = XCVersionGroup;
			children = (
				375EB9161DBDE55900337236 /* KoreaJunDamVi.xcdatamodel */,
			);
			currentVersion = 375EB9161DBDE55900337236 /* KoreaJunDamVi.xcdatamodel */;
			path = KoreaJunDamVi.xcdatamodeld;
			sourceTree = "<group>";
			versionGroupType = wrapper.xcdatamodel;
		};
/* End XCVersionGroup section */
	};
	rootObject = 375EB9031DBDE55900337236 /* Project object */;
}
